
Microsoft Visual Studio Solution File, Format Version 12.00
# Visual Studio Version 17
VisualStudioVersion = 17.14.36401.2 d17.14
MinimumVisualStudioVersion = 10.0.40219.1
Project("{FAE04EC0-301F-11D3-BF4B-00C04F79EFBC}") = "PosUmkm", "PosUmkm\PosUmkm.csproj", "{33608997-9DE6-47BE-95DC-61110A876704}"
EndProject
Global
	GlobalSection(SolutionConfigurationPlatforms) = preSolution
		Debug|Any CPU = Debug|Any CPU
		Release|Any CPU = Release|Any CPU
	EndGlobalSection
	GlobalSection(ProjectConfigurationPlatforms) = postSolution
		{33608997-9DE6-47BE-95DC-61110A876704}.Debug|Any CPU.ActiveCfg = Debug|Any CPU
		{33608997-9DE6-47BE-95DC-61110A876704}.Debug|Any CPU.Build.0 = Debug|Any CPU
		{33608997-9DE6-47BE-95DC-61110A876704}.Release|Any CPU.ActiveCfg = Release|Any CPU
		{33608997-9DE6-47BE-95DC-61110A876704}.Release|Any CPU.Build.0 = Release|Any CPU
	EndGlobalSection
	GlobalSection(SolutionProperties) = preSolution
		HideSolutionNode = FALSE
	EndGlobalSection
	GlobalSection(ExtensibilityGlobals) = postSolution
		SolutionGuid = {0BD26F1A-02CD-4D78-80EB-3DFC21F3DC40}
	EndGlobalSection
EndGlobal
